{
  "name": "ip-finance",
  "version": "1.0.0",
  "lockfileVersion": 1,
  "requires": true,
  "dependencies": {
    "asap": {
      "version": "2.0.6",
      "resolved": "https://registry.npmjs.org/asap/-/asap-2.0.6.tgz",
      "integrity": "sha1-5QNHYR1+aQlDIIu9r+vLwvuGbUY="
    },
    "chai-as-promised": {
      "version": "7.1.1",
      "resolved": "https://registry.npmjs.org/chai-as-promised/-/chai-as-promised-7.1.1.tgz",
      "integrity": "sha512-azL6xMoi+uxu6z4rhWQ1jbdUhOMhis2PvscD/xjLqNMkv3BPPp2JyyuTHOrf9BOosGpNQ11v6BKv/g57RXbiaA==",
      "requires": {
        "check-error": "^1.0.2"
      }
    },
    "check-error": {
      "version": "1.0.2",
      "resolved": "https://registry.npmjs.org/check-error/-/check-error-1.0.2.tgz",
      "integrity": "sha1-V00xLt2Iu13YkS6Sht1sCu1KrII="
    },
    "civic-sip-api": {
      "version": "1.0.2",
      "resolved": "https://registry.npmjs.org/civic-sip-api/-/civic-sip-api-1.0.2.tgz",
      "integrity": "sha512-5g5QJHUqm86RzMiaJ+QYP85rlhBJBSTaNV5uPSJIJwtZJdCRfvU0UXNPcW7MayM9kUwxU6eet3ErZxXt/PO8zA==",
      "requires": {
        "chai-as-promised": "^7.1.1",
        "crypto-js": "^3.1.9-1",
        "json-stable-stringify": "^1.0.1",
        "jsrsasign": "^7.1.5",
        "jsrsasign-util": "^1.0.0",
        "lodash.merge": "^4.6.0",
        "needle": "^2.1.0",
        "promise": "^7.1.1",
        "sjcl": "github:civicteam/sjcl#1dab1ddd60e722bb22c36080bcca5b9e73df91b5",
        "unix-timestamp": "^0.2.0",
        "uuid": "^3.0.1",
        "xmlhttprequest": "^1.8.0"
      }
    },
    "crypto-js": {
      "version": "3.1.9-1",
      "resolved": "https://registry.npmjs.org/crypto-js/-/crypto-js-3.1.9-1.tgz",
      "integrity": "sha1-/aGedh/Ad+Af+/3G6f38WeiAbNg="
    },
    "debug": {
      "version": "2.6.9",
      "resolved": "https://registry.npmjs.org/debug/-/debug-2.6.9.tgz",
      "integrity": "sha512-bC7ElrdJaJnPbAP+1EotYvqZsb3ecl5wi6Bfi6BJTUcNowp6cvspg0jXznRTKDjm/E7AdgFBVeAPVMNcKGsHMA==",
      "requires": {
        "ms": "2.0.0"
      }
    },
    "iconv-lite": {
      "version": "0.4.24",
      "resolved": "https://registry.npmjs.org/iconv-lite/-/iconv-lite-0.4.24.tgz",
      "integrity": "sha512-v3MXnZAcvnywkTUEZomIActle7RXXeedOR31wwl7VlyoXO4Qi9arvSenNQWne1TcRwhCL1HwLI21bEqdpj8/rA==",
      "requires": {
        "safer-buffer": ">= 2.1.2 < 3"
      }
    },
    "json-stable-stringify": {
      "version": "1.0.1",
      "resolved": "https://registry.npmjs.org/json-stable-stringify/-/json-stable-stringify-1.0.1.tgz",
      "integrity": "sha1-mnWdOcXy/1A/1TAGRu1EX4jE+a8=",
      "requires": {
        "jsonify": "~0.0.0"
      }
    },
    "jsonify": {
      "version": "0.0.0",
      "resolved": "https://registry.npmjs.org/jsonify/-/jsonify-0.0.0.tgz",
      "integrity": "sha1-LHS27kHZPKUbe1qu6PUDYx0lKnM="
    },
    "jsrsasign": {
      "version": "7.2.2",
      "resolved": "https://registry.npmjs.org/jsrsasign/-/jsrsasign-7.2.2.tgz",
      "integrity": "sha1-rlIwy1V0RRu5eanMaXQoxg9ZjSA="
    },
    "jsrsasign-util": {
      "version": "1.0.0",
      "resolved": "https://registry.npmjs.org/jsrsasign-util/-/jsrsasign-util-1.0.0.tgz",
      "integrity": "sha1-zpTsGqEZw5E0yWeueE+Djy4pA+Y="
    },
    "lodash.merge": {
      "version": "4.6.1",
      "resolved": "https://registry.npmjs.org/lodash.merge/-/lodash.merge-4.6.1.tgz",
      "integrity": "sha512-AOYza4+Hf5z1/0Hztxpm2/xiPZgi/cjMqdnKTUWTBSKchJlxXXuUSxCCl8rJlf4g6yww/j6mA8nC8Hw/EZWxKQ=="
    },
    "ms": {
      "version": "2.0.0",
      "resolved": "https://registry.npmjs.org/ms/-/ms-2.0.0.tgz",
      "integrity": "sha1-VgiurfwAvmwpAd9fmGF4jeDVl8g="
    },
    "needle": {
      "version": "2.2.4",
      "resolved": "https://registry.npmjs.org/needle/-/needle-2.2.4.tgz",
      "integrity": "sha512-HyoqEb4wr/rsoaIDfTH2aVL9nWtQqba2/HvMv+++m8u0dz808MaagKILxtfeSN7QU7nvbQ79zk3vYOJp9zsNEA==",
      "requires": {
        "debug": "^2.1.2",
        "iconv-lite": "^0.4.4",
        "sax": "^1.2.4"
      }
    },
    "promise": {
      "version": "7.3.1",
      "resolved": "https://registry.npmjs.org/promise/-/promise-7.3.1.tgz",
      "integrity": "sha512-nolQXZ/4L+bP/UGlkfaIujX9BKxGwmQ9OT4mOt5yvy8iK1h3wqTEJCijzGANTCCl9nWjY41juyAn2K3Q1hLLTg==",
      "requires": {
        "asap": "~2.0.3"
      }
    },
    "safer-buffer": {
      "version": "2.1.2",
      "resolved": "https://registry.npmjs.org/safer-buffer/-/safer-buffer-2.1.2.tgz",
      "integrity": "sha512-YZo3K82SD7Riyi0E1EQPojLz7kpepnSQI9IyPbHHg1XXXevb5dJI7tpyN2ADxGcQbHG7vcyRHk0cbwqcQriUtg=="
    },
    "sax": {
      "version": "1.2.4",
      "resolved": "https://registry.npmjs.org/sax/-/sax-1.2.4.tgz",
      "integrity": "sha512-NqVDv9TpANUjFm0N8uM5GxL36UgKi9/atZw+x7YFnQ8ckwFGKrl4xX4yWtrey3UJm5nP1kUbnYgLopqWNSRhWw=="
    },
    "sjcl": {
      "version": "github:civicteam/sjcl#1dab1ddd60e722bb22c36080bcca5b9e73df91b5",
      "from": "github:civicteam/sjcl"
    },
    "unix-timestamp": {
      "version": "0.2.0",
      "resolved": "https://registry.npmjs.org/unix-timestamp/-/unix-timestamp-0.2.0.tgz",
      "integrity": "sha1-4c3CgI32Mn0n5jXZNR5ygVKIcz4="
    },
    "uuid": {
      "version": "3.3.2",
      "resolved": "https://registry.npmjs.org/uuid/-/uuid-3.3.2.tgz",
      "integrity": "sha512-yXJmeNaw3DnnKAOKJE51sL/ZaYfWJRl1pK9dr19YFCu0ObS231AB1/LbqTKRAQ5kw8A90rA6fr4riOUpTZvQZA=="
    },
    "xmlhttprequest": {
      "version": "1.8.0",
      "resolved": "https://registry.npmjs.org/xmlhttprequest/-/xmlhttprequest-1.8.0.tgz",
      "integrity": "sha1-Z/4HXFwk/vOfnWX197f+dRcZaPw="
    }
  }
}
